
Microsoft Visual Studio Solution File, Format Version 12.00
# Visual Studio Version 16
VisualStudioVersion = 25.0.1706.4
MinimumVisualStudioVersion = 10.0.40219.1
Project("{FAE04EC0-301F-11D3-BF4B-00C04F79EFBC}") = "FaceDetection", "FaceDetection.iOS\FaceDetection.csproj", "{1971B3A1-2436-4869-84E7-8999AEF36F27}"
EndProject
Project("{FAE04EC0-301F-11D3-BF4B-00C04F79EFBC}") = "ColorBlobDetection", "ColorBlobDetection.iOS\ColorBlobDetection.csproj", "{B53E0FF3-41B9-46C5-8B7A-2E469B7787FB}"
EndProject
Project("{FAE04EC0-301F-11D3-BF4B-00C04F79EFBC}") = "DetectionBasedTracker", "FaceDetection.iOS\DetectionBasedTracker\DetectionBasedTracker.csproj", "{2758F573-4552-449B-A9FC-2CA9ED94F26C}"
EndProject
Global
	GlobalSection(SolutionConfigurationPlatforms) = preSolution
		Debug|Any CPU = Debug|Any CPU
		Release|Any CPU = Release|Any CPU
	EndGlobalSection
	GlobalSection(ProjectConfigurationPlatforms) = postSolution
		{1971B3A1-2436-4869-84E7-8999AEF36F27}.Debug|Any CPU.ActiveCfg = Debug|Any CPU
		{1971B3A1-2436-4869-84E7-8999AEF36F27}.Debug|Any CPU.Build.0 = Debug|Any CPU
		{1971B3A1-2436-4869-84E7-8999AEF36F27}.Release|Any CPU.ActiveCfg = Release|Any CPU
		{1971B3A1-2436-4869-84E7-8999AEF36F27}.Release|Any CPU.Build.0 = Release|Any CPU
		{B53E0FF3-41B9-46C5-8B7A-2E469B7787FB}.Debug|Any CPU.ActiveCfg = Debug|Any CPU
		{B53E0FF3-41B9-46C5-8B7A-2E469B7787FB}.Debug|Any CPU.Build.0 = Debug|Any CPU
		{B53E0FF3-41B9-46C5-8B7A-2E469B7787FB}.Release|Any CPU.ActiveCfg = Release|Any CPU
		{B53E0FF3-41B9-46C5-8B7A-2E469B7787FB}.Release|Any CPU.Build.0 = Release|Any CPU
		{2758F573-4552-449B-A9FC-2CA9ED94F26C}.Debug|Any CPU.ActiveCfg = Debug|Any CPU
		{2758F573-4552-449B-A9FC-2CA9ED94F26C}.Debug|Any CPU.Build.0 = Debug|Any CPU
		{2758F573-4552-449B-A9FC-2CA9ED94F26C}.Release|Any CPU.ActiveCfg = Release|Any CPU
		{2758F573-4552-449B-A9FC-2CA9ED94F26C}.Release|Any CPU.Build.0 = Release|Any CPU
	EndGlobalSection
	GlobalSection(SolutionProperties) = preSolution
		HideSolutionNode = FALSE
	EndGlobalSection
	GlobalSection(ExtensibilityGlobals) = postSolution
		SolutionGuid = {7C8DD330-F556-45F2-80A2-54AD904966D6}
	EndGlobalSection
EndGlobal
