Microsoft Visual Studio Solution File, Format Version 12.00
# Visual Studio Version 16
VisualStudioVersion = 25.0.1706.2
MinimumVisualStudioVersion = 10.0.40219.1
Project("{FAE04EC0-301F-11D3-BF4B-00C04F79EFBC}") = "HelloIosVideo", "HelloIosVideo/HelloIosVideo.csproj", "{FF538F8A-E2BB-452B-801C-20DED7270A43}"
EndProject
Global
	GlobalSection(SolutionConfigurationPlatforms) = preSolution
		Debug|Any CPU = Debug|Any CPU
		Release|Any CPU = Release|Any CPU
	EndGlobalSection
	GlobalSection(ProjectConfigurationPlatforms) = postSolution
		{FF538F8A-E2BB-452B-801C-20DED7270A43}.Debug|Any CPU.ActiveCfg = Debug|Any CPU
		{FF538F8A-E2BB-452B-801C-20DED7270A43}.Debug|Any CPU.Build.0 = Debug|Any CPU
		{FF538F8A-E2BB-452B-801C-20DED7270A43}.Release|Any CPU.ActiveCfg = Release|Any CPU
		{FF538F8A-E2BB-452B-801C-20DED7270A43}.Release|Any CPU.Build.0 = Release|Any CPU
	EndGlobalSection
	GlobalSection(SolutionProperties) = preSolution
		HideSolutionNode = FALSE
	EndGlobalSection
	GlobalSection(ExtensibilityGlobals) = postSolution
		SolutionGuid = {68C9ED47-23C8-4078-8408-8BC8543B11BF}
	EndGlobalSection
EndGlobal
