
Microsoft Visual Studio Solution File, Format Version 12.00
# Visual Studio Version 16
VisualStudioVersion = 25.0.1705.2
MinimumVisualStudioVersion = 10.0.40219.1
Project("{FAE04EC0-301F-11D3-BF4B-00C04F79EFBC}") = "Puzzle15", "Puzzle15\Puzzle15.csproj", "{6F7F243A-E99D-4A6F-B763-8DB1D5042B17}"
EndProject
Project("{FAE04EC0-301F-11D3-BF4B-00C04F79EFBC}") = "CameraCalibration", "CameraCalibration\CameraCalibration.csproj", "{F0548942-5E83-47D2-809A-468D52B8B443}"
EndProject
Project("{FAE04EC0-301F-11D3-BF4B-00C04F79EFBC}") = "ColorBlobDetection", "ColorBlobDetection\ColorBlobDetection.csproj", "{A35C9F3D-1EA6-450C-94C3-B6486909C20B}"
EndProject
Project("{FAE04EC0-301F-11D3-BF4B-00C04F79EFBC}") = "FaceDetection", "FaceDetection\FaceDetection.csproj", "{D6829226-B355-4EF3-ADA2-85FE0D86764F}"
EndProject
Project("{FAE04EC0-301F-11D3-BF4B-00C04F79EFBC}") = "ImageManipulations", "ImageManipulations\ImageManipulations.csproj", "{49FE0C3B-D7C8-4A68-9302-C91952B8E780}"
EndProject
Global
	GlobalSection(SolutionConfigurationPlatforms) = preSolution
		Debug|Any CPU = Debug|Any CPU
		Release|Any CPU = Release|Any CPU
	EndGlobalSection
	GlobalSection(ProjectConfigurationPlatforms) = postSolution
		{6F7F243A-E99D-4A6F-B763-8DB1D5042B17}.Debug|Any CPU.ActiveCfg = Debug|Any CPU
		{6F7F243A-E99D-4A6F-B763-8DB1D5042B17}.Debug|Any CPU.Build.0 = Debug|Any CPU
		{6F7F243A-E99D-4A6F-B763-8DB1D5042B17}.Release|Any CPU.ActiveCfg = Release|Any CPU
		{6F7F243A-E99D-4A6F-B763-8DB1D5042B17}.Release|Any CPU.Build.0 = Release|Any CPU
		{F0548942-5E83-47D2-809A-468D52B8B443}.Debug|Any CPU.ActiveCfg = Debug|Any CPU
		{F0548942-5E83-47D2-809A-468D52B8B443}.Debug|Any CPU.Build.0 = Debug|Any CPU
		{F0548942-5E83-47D2-809A-468D52B8B443}.Release|Any CPU.ActiveCfg = Release|Any CPU
		{F0548942-5E83-47D2-809A-468D52B8B443}.Release|Any CPU.Build.0 = Release|Any CPU
		{A35C9F3D-1EA6-450C-94C3-B6486909C20B}.Debug|Any CPU.ActiveCfg = Debug|Any CPU
		{A35C9F3D-1EA6-450C-94C3-B6486909C20B}.Debug|Any CPU.Build.0 = Debug|Any CPU
		{A35C9F3D-1EA6-450C-94C3-B6486909C20B}.Release|Any CPU.ActiveCfg = Release|Any CPU
		{A35C9F3D-1EA6-450C-94C3-B6486909C20B}.Release|Any CPU.Build.0 = Release|Any CPU
		{D6829226-B355-4EF3-ADA2-85FE0D86764F}.Debug|Any CPU.ActiveCfg = Debug|Any CPU
		{D6829226-B355-4EF3-ADA2-85FE0D86764F}.Debug|Any CPU.Build.0 = Debug|Any CPU
		{D6829226-B355-4EF3-ADA2-85FE0D86764F}.Release|Any CPU.ActiveCfg = Release|Any CPU
		{D6829226-B355-4EF3-ADA2-85FE0D86764F}.Release|Any CPU.Build.0 = Release|Any CPU
		{49FE0C3B-D7C8-4A68-9302-C91952B8E780}.Debug|Any CPU.ActiveCfg = Debug|Any CPU
		{49FE0C3B-D7C8-4A68-9302-C91952B8E780}.Debug|Any CPU.Build.0 = Debug|Any CPU
		{49FE0C3B-D7C8-4A68-9302-C91952B8E780}.Release|Any CPU.ActiveCfg = Release|Any CPU
		{49FE0C3B-D7C8-4A68-9302-C91952B8E780}.Release|Any CPU.Build.0 = Release|Any CPU
	EndGlobalSection
	GlobalSection(SolutionProperties) = preSolution
		HideSolutionNode = FALSE
	EndGlobalSection
	GlobalSection(ExtensibilityGlobals) = postSolution
		SolutionGuid = {20F7844F-2A17-4A74-A34C-9F5A4E36D4A7}
	EndGlobalSection
EndGlobal
