Microsoft Visual Studio Solution File, Format Version 12.00
# Visual Studio Version 16
VisualStudioVersion = 25.0.1705.2
MinimumVisualStudioVersion = 10.0.40219.1
Project("{FAE04EC0-301F-11D3-BF4B-00C04F79EFBC}") = "Puzzle15", "Puzzle15\Puzzle15.csproj", "{6F7F243A-E99D-4A6F-B763-8DB1D5042B17}"
EndProject
Project("{FAE04EC0-301F-11D3-BF4B-00C04F79EFBC}") = "CameraCalibration", "CameraCalibration\CameraCalibration.csproj", "{F0548942-5E83-47D2-809A-468D52B8B443}"
EndProject
Project("{FAE04EC0-301F-11D3-BF4B-00C04F79EFBC}") = "ColorBlobDetection", "ColorBlobDetection\ColorBlobDetection.csproj", "{A35C9F3D-1EA6-450C-94C3-B6486909C20B}"
EndProject
Project("{FAE04EC0-301F-11D3-BF4B-00C04F79EFBC}") = "FaceDetection", "FaceDetection\FaceDetection.csproj", "{D6829226-B355-4EF3-ADA2-85FE0D86764F}"
EndProject
Project("{FAE04EC0-301F-11D3-BF4B-00C04F79EFBC}") = "ImageManipulations", "ImageManipulations\ImageManipulations.csproj", "{49FE0C3B-D7C8-4A68-9302-C91952B8E780}"
EndProject
Project("{FAE04EC0-301F-11D3-BF4B-00C04F79EFBC}") = "MobileNetObjDetect", "MobileNetObjDetect\MobileNetObjDetect.csproj", "{9B0F43C1-808D-43E7-81FA-BAD5C58694D0}"
EndProject
Project("{FAE04EC0-301F-11D3-BF4B-00C04F79EFBC}") = "Tutorial-1-CameraPreview", "Tutorial-1-CameraPreview\CameraPreview.csproj", "{8D9C18ED-4D1E-4174-91A0-6D0B2067650F}"
EndProject
Project("{FAE04EC0-301F-11D3-BF4B-00C04F79EFBC}") = "Tutorial-2-MixedProcessing", "Tutorial-2-MixedProcessing\MixedProcessing.csproj", "{A3DCD115-546E-49C5-976C-E171B18FCBD4}"
EndProject
Project("{FAE04EC0-301F-11D3-BF4B-00C04F79EFBC}") = "Tutorial-3-CameraControl", "Tutorial-3-CameraControl\CameraControl.csproj", "{4A4FF9BF-4C23-4213-8BCC-EA6B1BCD6B30}"
EndProject
Project("{FAE04EC0-301F-11D3-BF4B-00C04F79EFBC}") = "Tutorial-4-OpenCL", "Tutorial-4-OpenCL\OpenCL.csproj", "{B002154B-421C-4269-B6C7-35C3B8040183}"
EndProject
Project("{FAE04EC0-301F-11D3-BF4B-00C04F79EFBC}") = "QrDetection", "QrDetection\QrDetection.csproj", "{0385F261-6931-46EA-9747-7AF8ACA615B3}"
EndProject
Project("{FAE04EC0-301F-11D3-BF4B-00C04F79EFBC}") = "VideoRecorder", "VideoRecorder\VideoRecorder.csproj", "{D1800FE6-3084-42D5-82A8-F523DCA2A371}"
EndProject
Global
	GlobalSection(SolutionConfigurationPlatforms) = preSolution
		Debug|Any CPU = Debug|Any CPU
		Release|Any CPU = Release|Any CPU
	EndGlobalSection
	GlobalSection(ProjectConfigurationPlatforms) = postSolution
		{6F7F243A-E99D-4A6F-B763-8DB1D5042B17}.Debug|Any CPU.ActiveCfg = Debug|Any CPU
		{6F7F243A-E99D-4A6F-B763-8DB1D5042B17}.Debug|Any CPU.Build.0 = Debug|Any CPU
		{6F7F243A-E99D-4A6F-B763-8DB1D5042B17}.Release|Any CPU.ActiveCfg = Release|Any CPU
		{6F7F243A-E99D-4A6F-B763-8DB1D5042B17}.Release|Any CPU.Build.0 = Release|Any CPU
		{F0548942-5E83-47D2-809A-468D52B8B443}.Debug|Any CPU.ActiveCfg = Debug|Any CPU
		{F0548942-5E83-47D2-809A-468D52B8B443}.Debug|Any CPU.Build.0 = Debug|Any CPU
		{F0548942-5E83-47D2-809A-468D52B8B443}.Release|Any CPU.ActiveCfg = Release|Any CPU
		{F0548942-5E83-47D2-809A-468D52B8B443}.Release|Any CPU.Build.0 = Release|Any CPU
		{A35C9F3D-1EA6-450C-94C3-B6486909C20B}.Debug|Any CPU.ActiveCfg = Debug|Any CPU
		{A35C9F3D-1EA6-450C-94C3-B6486909C20B}.Debug|Any CPU.Build.0 = Debug|Any CPU
		{A35C9F3D-1EA6-450C-94C3-B6486909C20B}.Release|Any CPU.ActiveCfg = Release|Any CPU
		{A35C9F3D-1EA6-450C-94C3-B6486909C20B}.Release|Any CPU.Build.0 = Release|Any CPU
		{D6829226-B355-4EF3-ADA2-85FE0D86764F}.Debug|Any CPU.ActiveCfg = Debug|Any CPU
		{D6829226-B355-4EF3-ADA2-85FE0D86764F}.Debug|Any CPU.Build.0 = Debug|Any CPU
		{D6829226-B355-4EF3-ADA2-85FE0D86764F}.Release|Any CPU.ActiveCfg = Release|Any CPU
		{D6829226-B355-4EF3-ADA2-85FE0D86764F}.Release|Any CPU.Build.0 = Release|Any CPU
		{49FE0C3B-D7C8-4A68-9302-C91952B8E780}.Debug|Any CPU.ActiveCfg = Debug|Any CPU
		{49FE0C3B-D7C8-4A68-9302-C91952B8E780}.Debug|Any CPU.Build.0 = Debug|Any CPU
		{49FE0C3B-D7C8-4A68-9302-C91952B8E780}.Release|Any CPU.ActiveCfg = Release|Any CPU
		{49FE0C3B-D7C8-4A68-9302-C91952B8E780}.Release|Any CPU.Build.0 = Release|Any CPU
		{8D9C18ED-4D1E-4174-91A0-6D0B2067650F}.Debug|Any CPU.ActiveCfg = Debug|Any CPU
		{8D9C18ED-4D1E-4174-91A0-6D0B2067650F}.Debug|Any CPU.Build.0 = Debug|Any CPU
		{8D9C18ED-4D1E-4174-91A0-6D0B2067650F}.Release|Any CPU.ActiveCfg = Release|Any CPU
		{8D9C18ED-4D1E-4174-91A0-6D0B2067650F}.Release|Any CPU.Build.0 = Release|Any CPU
		{A3DCD115-546E-49C5-976C-E171B18FCBD4}.Debug|Any CPU.ActiveCfg = Debug|Any CPU
		{A3DCD115-546E-49C5-976C-E171B18FCBD4}.Debug|Any CPU.Build.0 = Debug|Any CPU
		{A3DCD115-546E-49C5-976C-E171B18FCBD4}.Release|Any CPU.ActiveCfg = Release|Any CPU
		{A3DCD115-546E-49C5-976C-E171B18FCBD4}.Release|Any CPU.Build.0 = Release|Any CPU
		{4A4FF9BF-4C23-4213-8BCC-EA6B1BCD6B30}.Debug|Any CPU.ActiveCfg = Debug|Any CPU
		{4A4FF9BF-4C23-4213-8BCC-EA6B1BCD6B30}.Debug|Any CPU.Build.0 = Debug|Any CPU
		{4A4FF9BF-4C23-4213-8BCC-EA6B1BCD6B30}.Release|Any CPU.ActiveCfg = Release|Any CPU
		{4A4FF9BF-4C23-4213-8BCC-EA6B1BCD6B30}.Release|Any CPU.Build.0 = Release|Any CPU
		{9B0F43C1-808D-43E7-81FA-BAD5C58694D0}.Debug|Any CPU.ActiveCfg = Debug|Any CPU
		{9B0F43C1-808D-43E7-81FA-BAD5C58694D0}.Debug|Any CPU.Build.0 = Debug|Any CPU
		{9B0F43C1-808D-43E7-81FA-BAD5C58694D0}.Release|Any CPU.ActiveCfg = Release|Any CPU
		{9B0F43C1-808D-43E7-81FA-BAD5C58694D0}.Release|Any CPU.Build.0 = Release|Any CPU
		{B002154B-421C-4269-B6C7-35C3B8040183}.Debug|Any CPU.ActiveCfg = Debug|Any CPU
		{B002154B-421C-4269-B6C7-35C3B8040183}.Debug|Any CPU.Build.0 = Debug|Any CPU
		{B002154B-421C-4269-B6C7-35C3B8040183}.Release|Any CPU.ActiveCfg = Release|Any CPU
		{B002154B-421C-4269-B6C7-35C3B8040183}.Release|Any CPU.Build.0 = Release|Any CPU
		{0385F261-6931-46EA-9747-7AF8ACA615B3}.Debug|Any CPU.ActiveCfg = Debug|Any CPU
		{0385F261-6931-46EA-9747-7AF8ACA615B3}.Debug|Any CPU.Build.0 = Debug|Any CPU
		{0385F261-6931-46EA-9747-7AF8ACA615B3}.Release|Any CPU.ActiveCfg = Release|Any CPU
		{0385F261-6931-46EA-9747-7AF8ACA615B3}.Release|Any CPU.Build.0 = Release|Any CPU
		{D1800FE6-3084-42D5-82A8-F523DCA2A371}.Debug|Any CPU.ActiveCfg = Debug|Any CPU
		{D1800FE6-3084-42D5-82A8-F523DCA2A371}.Debug|Any CPU.Build.0 = Debug|Any CPU
		{D1800FE6-3084-42D5-82A8-F523DCA2A371}.Release|Any CPU.ActiveCfg = Release|Any CPU
		{D1800FE6-3084-42D5-82A8-F523DCA2A371}.Release|Any CPU.Build.0 = Release|Any CPU
	EndGlobalSection
	GlobalSection(SolutionProperties) = preSolution
		HideSolutionNode = FALSE
	EndGlobalSection
	GlobalSection(ExtensibilityGlobals) = postSolution
		SolutionGuid = {20F7844F-2A17-4A74-A34C-9F5A4E36D4A7}
	EndGlobalSection
EndGlobal
